// !$*UTF8*$!
{
	archiveVersion = 1;
	classes = {
	};
	objectVersion = 50;
	objects = {

/* Begin PBXBuildFile section */
		C2A14A1A259DC79F00655DBC /* ShopMoreApp.swift in Sources */ = {isa = PBXBuildFile; fileRef = C2A14A19259DC79F00655DBC /* ShopMoreApp.swift */; };
		C2A14A1C259DC79F00655DBC /* ContentView.swift in Sources */ = {isa = PBXBuildFile; fileRef = C2A14A1B259DC79F00655DBC /* ContentView.swift */; };
		C2A14A1E259DC7A500655DBC /* Assets.xcassets in Resources */ = {isa = PBXBuildFile; fileRef = C2A14A1D259DC7A500655DBC /* Assets.xcassets */; };
		C2A14A21259DC7A500655DBC /* Preview Assets.xcassets in Resources */ = {isa = PBXBuildFile; fileRef = C2A14A20259DC7A500655DBC /* Preview Assets.xcassets */; };
		C2A14A23259DC7A500655DBC /* Persistence.swift in Sources */ = {isa = PBXBuildFile; fileRef = C2A14A22259DC7A500655DBC /* Persistence.swift */; };
		C2A14A26259DC7A500655DBC /* ShopMore.xcdatamodeld in Sources */ = {isa = PBXBuildFile; fileRef = C2A14A24259DC7A500655DBC /* ShopMore.xcdatamodeld */; };
		C2A14A31259DC7A600655DBC /* ShopMoreTests.swift in Sources */ = {isa = PBXBuildFile; fileRef = C2A14A30259DC7A600655DBC /* ShopMoreTests.swift */; };
		C2A14A3C259DC7A600655DBC /* ShopMoreUITests.swift in Sources */ = {isa = PBXBuildFile; fileRef = C2A14A3B259DC7A600655DBC /* ShopMoreUITests.swift */; };
/* End PBXBuildFile section */

/* Begin PBXContainerItemProxy section */
		C2A14A2D259DC7A600655DBC /* PBXContainerItemProxy */ = {
			isa = PBXContainerItemProxy;
			containerPortal = C2A14A0E259DC79E00655DBC /* Project object */;
			proxyType = 1;
			remoteGlobalIDString = C2A14A15259DC79F00655DBC;
			remoteInfo = ShopMore;
		};
		C2A14A38259DC7A600655DBC /* PBXContainerItemProxy */ = {
			isa = PBXContainerItemProxy;
			containerPortal = C2A14A0E259DC79E00655DBC /* Project object */;
			proxyType = 1;
			remoteGlobalIDString = C2A14A15259DC79F00655DBC;
			remoteInfo = ShopMore;
		};
/* End PBXContainerItemProxy section */

/* Begin PBXFileReference section */
		C2A14A16259DC79F00655DBC /* ShopMore.app */ = {isa = PBXFileReference; explicitFileType = wrapper.application; includeInIndex = 0; path = ShopMore.app; sourceTree = BUILT_PRODUCTS_DIR; };
		C2A14A19259DC79F00655DBC /* ShopMoreApp.swift */ = {isa = PBXFileReference; lastKnownFileType = sourcecode.swift; path = ShopMoreApp.swift; sourceTree = "<group>"; };
		C2A14A1B259DC79F00655DBC /* ContentView.swift */ = {isa = PBXFileReference; lastKnownFileType = sourcecode.swift; path = ContentView.swift; sourceTree = "<group>"; };
		C2A14A1D259DC7A500655DBC /* Assets.xcassets */ = {isa = PBXFileReference; lastKnownFileType = folder.assetcatalog; path = Assets.xcassets; sourceTree = "<group>"; };
		C2A14A20259DC7A500655DBC /* Preview Assets.xcassets */ = {isa = PBXFileReference; lastKnownFileType = folder.assetcatalog; path = "Preview Assets.xcassets"; sourceTree = "<group>"; };
		C2A14A22259DC7A500655DBC /* Persistence.swift */ = {isa = PBXFileReference; lastKnownFileType = sourcecode.swift; path = Persistence.swift; sourceTree = "<group>"; };
		C2A14A25259DC7A500655DBC /* ShopMore.xcdatamodel */ = {isa = PBXFileReference; lastKnownFileType = wrapper.xcdatamodel; path = ShopMore.xcdatamodel; sourceTree = "<group>"; };
		C2A14A27259DC7A500655DBC /* Info.plist */ = {isa = PBXFileReference; lastKnownFileType = text.plist.xml; path = Info.plist; sourceTree = "<group>"; };
		C2A14A2C259DC7A600655DBC /* ShopMoreTests.xctest */ = {isa = PBXFileReference; explicitFileType = wrapper.cfbundle; includeInIndex = 0; path = ShopMoreTests.xctest; sourceTree = BUILT_PRODUCTS_DIR; };
		C2A14A30259DC7A600655DBC /* ShopMoreTests.swift */ = {isa = PBXFileReference; lastKnownFileType = sourcecode.swift; path = ShopMoreTests.swift; sourceTree = "<group>"; };
		C2A14A32259DC7A600655DBC /* Info.plist */ = {isa = PBXFileReference; lastKnownFileType = text.plist.xml; path = Info.plist; sourceTree = "<group>"; };
		C2A14A37259DC7A600655DBC /* ShopMoreUITests.xctest */ = {isa = PBXFileReference; explicitFileType = wrapper.cfbundle; includeInIndex = 0; path = ShopMoreUITests.xctest; sourceTree = BUILT_PRODUCTS_DIR; };
		C2A14A3B259DC7A600655DBC /* ShopMoreUITests.swift */ = {isa = PBXFileReference; lastKnownFileType = sourcecode.swift; path = ShopMoreUITests.swift; sourceTree = "<group>"; };
		C2A14A3D259DC7A600655DBC /* Info.plist */ = {isa = PBXFileReference; lastKnownFileType = text.plist.xml; path = Info.plist; sourceTree = "<group>"; };
/* End PBXFileReference section */

/* Begin PBXFrameworksBuildPhase section */
		C2A14A13259DC79F00655DBC /* Frameworks */ = {
			isa = PBXFrameworksBuildPhase;
			buildActionMask = 2147483647;
			files = (
			);
			runOnlyForDeploymentPostprocessing = 0;
		};
		C2A14A29259DC7A600655DBC /* Frameworks */ = {
			isa = PBXFrameworksBuildPhase;
			buildActionMask = 2147483647;
			files = (
			);
			runOnlyForDeploymentPostprocessing = 0;
		};
		C2A14A34259DC7A600655DBC /* Frameworks */ = {
			isa = PBXFrameworksBuildPhase;
			buildActionMask = 2147483647;
			files = (
			);
			runOnlyForDeploymentPostprocessing = 0;
		};
/* End PBXFrameworksBuildPhase section */

/* Begin PBXGroup section */
		C2A14A0D259DC79E00655DBC = {
			isa = PBXGroup;
			children = (
				C2A14A18259DC79F00655DBC /* ShopMore */,
				C2A14A2F259DC7A600655DBC /* ShopMoreTests */,
				C2A14A3A259DC7A600655DBC /* ShopMoreUITests */,
				C2A14A17259DC79F00655DBC /* Products */,
			);
			sourceTree = "<group>";
		};
		C2A14A17259DC79F00655DBC /* Products */ = {
			isa = PBXGroup;
			children = (
				C2A14A16259DC79F00655DBC /* ShopMore.app */,
				C2A14A2C259DC7A600655DBC /* ShopMoreTests.xctest */,
				C2A14A37259DC7A600655DBC /* ShopMoreUITests.xctest */,
			);
			name = Products;
			sourceTree = "<group>";
		};
		C2A14A18259DC79F00655DBC /* ShopMore */ = {
			isa = PBXGroup;
			children = (
				C2A14A19259DC79F00655DBC /* ShopMoreApp.swift */,
				C2A14A1B259DC79F00655DBC /* ContentView.swift */,
				C2A14A1D259DC7A500655DBC /* Assets.xcassets */,
				C2A14A22259DC7A500655DBC /* Persistence.swift */,
				C2A14A27259DC7A500655DBC /* Info.plist */,
				C2A14A24259DC7A500655DBC /* ShopMore.xcdatamodeld */,
				C2A14A1F259DC7A500655DBC /* Preview Content */,
			);
			path = ShopMore;
			sourceTree = "<group>";
		};
		C2A14A1F259DC7A500655DBC /* Preview Content */ = {
			isa = PBXGroup;
			children = (
				C2A14A20259DC7A500655DBC /* Preview Assets.xcassets */,
			);
			path = "Preview Content";
			sourceTree = "<group>";
		};
		C2A14A2F259DC7A600655DBC /* ShopMoreTests */ = {
			isa = PBXGroup;
			children = (
				C2A14A30259DC7A600655DBC /* ShopMoreTests.swift */,
				C2A14A32259DC7A600655DBC /* Info.plist */,
			);
			path = ShopMoreTests;
			sourceTree = "<group>";
		};
		C2A14A3A259DC7A600655DBC /* ShopMoreUITests */ = {
			isa = PBXGroup;
			children = (
				C2A14A3B259DC7A600655DBC /* ShopMoreUITests.swift */,
				C2A14A3D259DC7A600655DBC /* Info.plist */,
			);
			path = ShopMoreUITests;
			sourceTree = "<group>";
		};
/* End PBXGroup section */

/* Begin PBXNativeTarget section */
		C2A14A15259DC79F00655DBC /* ShopMore */ = {
			isa = PBXNativeTarget;
			buildConfigurationList = C2A14A40259DC7A600655DBC /* Build configuration list for PBXNativeTarget "ShopMore" */;
			buildPhases = (
				C2A14A12259DC79F00655DBC /* Sources */,
				C2A14A13259DC79F00655DBC /* Frameworks */,
				C2A14A14259DC79F00655DBC /* Resources */,
			);
			buildRules = (
			);
			dependencies = (
			);
			name = ShopMore;
			productName = ShopMore;
			productReference = C2A14A16259DC79F00655DBC /* ShopMore.app */;
			productType = "com.apple.product-type.application";
		};
		C2A14A2B259DC7A600655DBC /* ShopMoreTests */ = {
			isa = PBXNativeTarget;
			buildConfigurationList = C2A14A43259DC7A600655DBC /* Build configuration list for PBXNativeTarget "ShopMoreTests" */;
			buildPhases = (
				C2A14A28259DC7A600655DBC /* Sources */,
				C2A14A29259DC7A600655DBC /* Frameworks */,
				C2A14A2A259DC7A600655DBC /* Resources */,
			);
			buildRules = (
			);
			dependencies = (
				C2A14A2E259DC7A600655DBC /* PBXTargetDependency */,
			);
			name = ShopMoreTests;
			productName = ShopMoreTests;
			productReference = C2A14A2C259DC7A600655DBC /* ShopMoreTests.xctest */;
			productType = "com.apple.product-type.bundle.unit-test";
		};
		C2A14A36259DC7A600655DBC /* ShopMoreUITests */ = {
			isa = PBXNativeTarget;
			buildConfigurationList = C2A14A46259DC7A600655DBC /* Build configuration list for PBXNativeTarget "ShopMoreUITests" */;
			buildPhases = (
				C2A14A33259DC7A600655DBC /* Sources */,
				C2A14A34259DC7A600655DBC /* Frameworks */,
				C2A14A35259DC7A600655DBC /* Resources */,
			);
			buildRules = (
			);
			dependencies = (
				C2A14A39259DC7A600655DBC /* PBXTargetDependency */,
			);
			name = ShopMoreUITests;
			productName = ShopMoreUITests;
			productReference = C2A14A37259DC7A600655DBC /* ShopMoreUITests.xctest */;
			productType = "com.apple.product-type.bundle.ui-testing";
		};
/* End PBXNativeTarget section */

/* Begin PBXProject section */
		C2A14A0E259DC79E00655DBC /* Project object */ = {
			isa = PBXProject;
			attributes = {
				LastSwiftUpdateCheck = 1220;
				LastUpgradeCheck = 1220;
				TargetAttributes = {
					C2A14A15259DC79F00655DBC = {
						CreatedOnToolsVersion = 12.2;
					};
					C2A14A2B259DC7A600655DBC = {
						CreatedOnToolsVersion = 12.2;
						TestTargetID = C2A14A15259DC79F00655DBC;
					};
					C2A14A36259DC7A600655DBC = {
						CreatedOnToolsVersion = 12.2;
						TestTargetID = C2A14A15259DC79F00655DBC;
					};
				};
			};
			buildConfigurationList = C2A14A11259DC79E00655DBC /* Build configuration list for PBXProject "ShopMore" */;
			compatibilityVersion = "Xcode 9.3";
			developmentRegion = en;
			hasScannedForEncodings = 0;
			knownRegions = (
				en,
				Base,
			);
			mainGroup = C2A14A0D259DC79E00655DBC;
			productRefGroup = C2A14A17259DC79F00655DBC /* Products */;
			projectDirPath = "";
			projectRoot = "";
			targets = (
				C2A14A15259DC79F00655DBC /* ShopMore */,
				C2A14A2B259DC7A600655DBC /* ShopMoreTests */,
				C2A14A36259DC7A600655DBC /* ShopMoreUITests */,
			);
		};
/* End PBXProject section */

/* Begin PBXResourcesBuildPhase section */
		C2A14A14259DC79F00655DBC /* Resources */ = {
			isa = PBXResourcesBuildPhase;
			buildActionMask = 2147483647;
			files = (
				C2A14A21259DC7A500655DBC /* Preview Assets.xcassets in Resources */,
				C2A14A1E259DC7A500655DBC /* Assets.xcassets in Resources */,
			);
			runOnlyForDeploymentPostprocessing = 0;
		};
		C2A14A2A259DC7A600655DBC /* Resources */ = {
			isa = PBXResourcesBuildPhase;
			buildActionMask = 2147483647;
			files = (
			);
			runOnlyForDeploymentPostprocessing = 0;
		};
		C2A14A35259DC7A600655DBC /* Resources */ = {
			isa = PBXResourcesBuildPhase;
			buildActionMask = 2147483647;
			files = (
			);
			runOnlyForDeploymentPostprocessing = 0;
		};
/* End PBXResourcesBuildPhase section */

/* Begin PBXSourcesBuildPhase section */
		C2A14A12259DC79F00655DBC /* Sources */ = {
			isa = PBXSourcesBuildPhase;
			buildActionMask = 2147483647;
			files = (
				C2A14A23259DC7A500655DBC /* Persistence.swift in Sources */,
				C2A14A1C259DC79F00655DBC /* ContentView.swift in Sources */,
				C2A14A26259DC7A500655DBC /* ShopMore.xcdatamodeld in Sources */,
				C2A14A1A259DC79F00655DBC /* ShopMoreApp.swift in Sources */,
			);
			runOnlyForDeploymentPostprocessing = 0;
		};
		C2A14A28259DC7A600655DBC /* Sources */ = {
			isa = PBXSourcesBuildPhase;
			buildActionMask = 2147483647;
			files = (
				C2A14A31259DC7A600655DBC /* ShopMoreTests.swift in Sources */,
			);
			runOnlyForDeploymentPostprocessing = 0;
		};
		C2A14A33259DC7A600655DBC /* Sources */ = {
			isa = PBXSourcesBuildPhase;
			buildActionMask = 2147483647;
			files = (
				C2A14A3C259DC7A600655DBC /* ShopMoreUITests.swift in Sources */,
			);
			runOnlyForDeploymentPostprocessing = 0;
		};
/* End PBXSourcesBuildPhase section */

/* Begin PBXTargetDependency section */
		C2A14A2E259DC7A600655DBC /* PBXTargetDependency */ = {
			isa = PBXTargetDependency;
			target = C2A14A15259DC79F00655DBC /* ShopMore */;
			targetProxy = C2A14A2D259DC7A600655DBC /* PBXContainerItemProxy */;
		};
		C2A14A39259DC7A600655DBC /* PBXTargetDependency */ = {
			isa = PBXTargetDependency;
			target = C2A14A15259DC79F00655DBC /* ShopMore */;
			targetProxy = C2A14A38259DC7A600655DBC /* PBXContainerItemProxy */;
		};
/* End PBXTargetDependency section */

/* Begin XCBuildConfiguration section */
		C2A14A3E259DC7A600655DBC /* Debug */ = {
			isa = XCBuildConfiguration;
			buildSettings = {
				ALWAYS_SEARCH_USER_PATHS = NO;
				CLANG_ANALYZER_NONNULL = YES;
				CLANG_ANALYZER_NUMBER_OBJECT_CONVERSION = YES_AGGRESSIVE;
				CLANG_CXX_LANGUAGE_STANDARD = "gnu++14";
				CLANG_CXX_LIBRARY = "libc++";
				CLANG_ENABLE_MODULES = YES;
				CLANG_ENABLE_OBJC_ARC = YES;
				CLANG_ENABLE_OBJC_WEAK = YES;
				CLANG_WARN_BLOCK_CAPTURE_AUTORELEASING = YES;
				CLANG_WARN_BOOL_CONVERSION = YES;
				CLANG_WARN_COMMA = YES;
				CLANG_WARN_CONSTANT_CONVERSION = YES;
				CLANG_WARN_DEPRECATED_OBJC_IMPLEMENTATIONS = YES;
				CLANG_WARN_DIRECT_OBJC_ISA_USAGE = YES_ERROR;
				CLANG_WARN_DOCUMENTATION_COMMENTS = YES;
				CLANG_WARN_EMPTY_BODY = YES;
				CLANG_WARN_ENUM_CONVERSION = YES;
				CLANG_WARN_INFINITE_RECURSION = YES;
				CLANG_WARN_INT_CONVERSION = YES;
				CLANG_WARN_NON_LITERAL_NULL_CONVERSION = YES;
				CLANG_WARN_OBJC_IMPLICIT_RETAIN_SELF = YES;
				CLANG_WARN_OBJC_LITERAL_CONVERSION = YES;
				CLANG_WARN_OBJC_ROOT_CLASS = YES_ERROR;
				CLANG_WARN_QUOTED_INCLUDE_IN_FRAMEWORK_HEADER = YES;
				CLANG_WARN_RANGE_LOOP_ANALYSIS = YES;
				CLANG_WARN_STRICT_PROTOTYPES = YES;
				CLANG_WARN_SUSPICIOUS_MOVE = YES;
				CLANG_WARN_UNGUARDED_AVAILABILITY = YES_AGGRESSIVE;
				CLANG_WARN_UNREACHABLE_CODE = YES;
				CLANG_WARN__DUPLICATE_METHOD_MATCH = YES;
				COPY_PHASE_STRIP = NO;
				DEBUG_INFORMATION_FORMAT = dwarf;
				ENABLE_STRICT_OBJC_MSGSEND = YES;
				ENABLE_TESTABILITY = YES;
				GCC_C_LANGUAGE_STANDARD = gnu11;
				GCC_DYNAMIC_NO_PIC = NO;
				GCC_NO_COMMON_BLOCKS = YES;
				GCC_OPTIMIZATION_LEVEL = 0;
				GCC_PREPROCESSOR_DEFINITIONS = (
					"DEBUG=1",
					"$(inherited)",
				);
				GCC_WARN_64_TO_32_BIT_CONVERSION = YES;
				GCC_WARN_ABOUT_RETURN_TYPE = YES_ERROR;
				GCC_WARN_UNDECLARED_SELECTOR = YES;
				GCC_WARN_UNINITIALIZED_AUTOS = YES_AGGRESSIVE;
				GCC_WARN_UNUSED_FUNCTION = YES;
				GCC_WARN_UNUSED_VARIABLE = YES;
				IPHONEOS_DEPLOYMENT_TARGET = 14.2;
				MTL_ENABLE_DEBUG_INFO = INCLUDE_SOURCE;
				MTL_FAST_MATH = YES;
				ONLY_ACTIVE_ARCH = YES;
				SDKROOT = iphoneos;
				SWIFT_ACTIVE_COMPILATION_CONDITIONS = DEBUG;
				SWIFT_OPTIMIZATION_LEVEL = "-Onone";
			};
			name = Debug;
		};
		C2A14A3F259DC7A600655DBC /* Release */ = {
			isa = XCBuildConfiguration;
			buildSettings = {
				ALWAYS_SEARCH_USER_PATHS = NO;
				CLANG_ANALYZER_NONNULL = YES;
				CLANG_ANALYZER_NUMBER_OBJECT_CONVERSION = YES_AGGRESSIVE;
				CLANG_CXX_LANGUAGE_STANDARD = "gnu++14";
				CLANG_CXX_LIBRARY = "libc++";
				CLANG_ENABLE_MODULES = YES;
				CLANG_ENABLE_OBJC_ARC = YES;
				CLANG_ENABLE_OBJC_WEAK = YES;
				CLANG_WARN_BLOCK_CAPTURE_AUTORELEASING = YES;
				CLANG_WARN_BOOL_CONVERSION = YES;
				CLANG_WARN_COMMA = YES;
				CLANG_WARN_CONSTANT_CONVERSION = YES;
				CLANG_WARN_DEPRECATED_OBJC_IMPLEMENTATIONS = YES;
				CLANG_WARN_DIRECT_OBJC_ISA_USAGE = YES_ERROR;
				CLANG_WARN_DOCUMENTATION_COMMENTS = YES;
				CLANG_WARN_EMPTY_BODY = YES;
				CLANG_WARN_ENUM_CONVERSION = YES;
				CLANG_WARN_INFINITE_RECURSION = YES;
				CLANG_WARN_INT_CONVERSION = YES;
				CLANG_WARN_NON_LITERAL_NULL_CONVERSION = YES;
				CLANG_WARN_OBJC_IMPLICIT_RETAIN_SELF = YES;
				CLANG_WARN_OBJC_LITERAL_CONVERSION = YES;
				CLANG_WARN_OBJC_ROOT_CLASS = YES_ERROR;
				CLANG_WARN_QUOTED_INCLUDE_IN_FRAMEWORK_HEADER = YES;
				CLANG_WARN_RANGE_LOOP_ANALYSIS = YES;
				CLANG_WARN_STRICT_PROTOTYPES = YES;
				CLANG_WARN_SUSPICIOUS_MOVE = YES;
				CLANG_WARN_UNGUARDED_AVAILABILITY = YES_AGGRESSIVE;
				CLANG_WARN_UNREACHABLE_CODE = YES;
				CLANG_WARN__DUPLICATE_METHOD_MATCH = YES;
				COPY_PHASE_STRIP = NO;
				DEBUG_INFORMATION_FORMAT = "dwarf-with-dsym";
				ENABLE_NS_ASSERTIONS = NO;
				ENABLE_STRICT_OBJC_MSGSEND = YES;
				GCC_C_LANGUAGE_STANDARD = gnu11;
				GCC_NO_COMMON_BLOCKS = YES;
				GCC_WARN_64_TO_32_BIT_CONVERSION = YES;
				GCC_WARN_ABOUT_RETURN_TYPE = YES_ERROR;
				GCC_WARN_UNDECLARED_SELECTOR = YES;
				GCC_WARN_UNINITIALIZED_AUTOS = YES_AGGRESSIVE;
				GCC_WARN_UNUSED_FUNCTION = YES;
				GCC_WARN_UNUSED_VARIABLE = YES;
				IPHONEOS_DEPLOYMENT_TARGET = 14.2;
				MTL_ENABLE_DEBUG_INFO = NO;
				MTL_FAST_MATH = YES;
				SDKROOT = iphoneos;
				SWIFT_COMPILATION_MODE = wholemodule;
				SWIFT_OPTIMIZATION_LEVEL = "-O";
				VALIDATE_PRODUCT = YES;
			};
			name = Release;
		};
		C2A14A41259DC7A600655DBC /* Debug */ = {
			isa = XCBuildConfiguration;
			buildSettings = {
				ASSETCATALOG_COMPILER_APPICON_NAME = AppIcon;
				ASSETCATALOG_COMPILER_GLOBAL_ACCENT_COLOR_NAME = AccentColor;
				CODE_SIGN_STYLE = Automatic;
				DEVELOPMENT_ASSET_PATHS = "\"ShopMore/Preview Content\"";
				ENABLE_PREVIEWS = YES;
				INFOPLIST_FILE = ShopMore/Info.plist;
				IPHONEOS_DEPLOYMENT_TARGET = 14.0;
				LD_RUNPATH_SEARCH_PATHS = (
					"$(inherited)",
					"@executable_path/Frameworks",
				);
				PRODUCT_BUNDLE_IDENTIFIER = com.ShopMore;
				PRODUCT_NAME = "$(TARGET_NAME)";
				SWIFT_VERSION = 5.0;
				TARGETED_DEVICE_FAMILY = "1,2";
			};
			name = Debug;
		};
		C2A14A42259DC7A600655DBC /* Release */ = {
			isa = XCBuildConfiguration;
			buildSettings = {
				ASSETCATALOG_COMPILER_APPICON_NAME = AppIcon;
				ASSETCATALOG_COMPILER_GLOBAL_ACCENT_COLOR_NAME = AccentColor;
				CODE_SIGN_STYLE = Automatic;
				DEVELOPMENT_ASSET_PATHS = "\"ShopMore/Preview Content\"";
				ENABLE_PREVIEWS = YES;
				INFOPLIST_FILE = ShopMore/Info.plist;
				IPHONEOS_DEPLOYMENT_TARGET = 14.0;
				LD_RUNPATH_SEARCH_PATHS = (
					"$(inherited)",
					"@executable_path/Frameworks",
				);
				PRODUCT_BUNDLE_IDENTIFIER = com.ShopMore;
				PRODUCT_NAME = "$(TARGET_NAME)";
				SWIFT_VERSION = 5.0;
				TARGETED_DEVICE_FAMILY = "1,2";
			};
			name = Release;
		};
		C2A14A44259DC7A600655DBC /* Debug */ = {
			isa = XCBuildConfiguration;
			buildSettings = {
				ALWAYS_EMBED_SWIFT_STANDARD_LIBRARIES = YES;
				BUNDLE_LOADER = "$(TEST_HOST)";
				CODE_SIGN_STYLE = Automatic;
				INFOPLIST_FILE = ShopMoreTests/Info.plist;
				IPHONEOS_DEPLOYMENT_TARGET = 14.0;
				LD_RUNPATH_SEARCH_PATHS = (
					"$(inherited)",
					"@executable_path/Frameworks",
					"@loader_path/Frameworks",
				);
				PRODUCT_BUNDLE_IDENTIFIER = com.ShopMoreTests;
				PRODUCT_NAME = "$(TARGET_NAME)";
				SWIFT_VERSION = 5.0;
				TARGETED_DEVICE_FAMILY = "1,2";
				TEST_HOST = "$(BUILT_PRODUCTS_DIR)/ShopMore.app/ShopMore";
			};
			name = Debug;
		};
		C2A14A45259DC7A600655DBC /* Release */ = {
			isa = XCBuildConfiguration;
			buildSettings = {
				ALWAYS_EMBED_SWIFT_STANDARD_LIBRARIES = YES;
				BUNDLE_LOADER = "$(TEST_HOST)";
				CODE_SIGN_STYLE = Automatic;
				INFOPLIST_FILE = ShopMoreTests/Info.plist;
				IPHONEOS_DEPLOYMENT_TARGET = 14.0;
				LD_RUNPATH_SEARCH_PATHS = (
					"$(inherited)",
					"@executable_path/Frameworks",
					"@loader_path/Frameworks",
				);
				PRODUCT_BUNDLE_IDENTIFIER = com.ShopMoreTests;
				PRODUCT_NAME = "$(TARGET_NAME)";
				SWIFT_VERSION = 5.0;
				TARGETED_DEVICE_FAMILY = "1,2";
				TEST_HOST = "$(BUILT_PRODUCTS_DIR)/ShopMore.app/ShopMore";
			};
			name = Release;
		};
		C2A14A47259DC7A600655DBC /* Debug */ = {
			isa = XCBuildConfiguration;
			buildSettings = {
				ALWAYS_EMBED_SWIFT_STANDARD_LIBRARIES = YES;
				CODE_SIGN_STYLE = Automatic;
				INFOPLIST_FILE = ShopMoreUITests/Info.plist;
				LD_RUNPATH_SEARCH_PATHS = (
					"$(inherited)",
					"@executable_path/Frameworks",
					"@loader_path/Frameworks",
				);
				PRODUCT_BUNDLE_IDENTIFIER = com.ShopMoreUITests;
				PRODUCT_NAME = "$(TARGET_NAME)";
				SWIFT_VERSION = 5.0;
				TARGETED_DEVICE_FAMILY = "1,2";
				TEST_TARGET_NAME = ShopMore;
			};
			name = Debug;
		};
		C2A14A48259DC7A600655DBC /* Release */ = {
			isa = XCBuildConfiguration;
			buildSettings = {
				ALWAYS_EMBED_SWIFT_STANDARD_LIBRARIES = YES;
				CODE_SIGN_STYLE = Automatic;
				INFOPLIST_FILE = ShopMoreUITests/Info.plist;
				LD_RUNPATH_SEARCH_PATHS = (
					"$(inherited)",
					"@executable_path/Frameworks",
					"@loader_path/Frameworks",
				);
				PRODUCT_BUNDLE_IDENTIFIER = com.ShopMoreUITests;
				PRODUCT_NAME = "$(TARGET_NAME)";
				SWIFT_VERSION = 5.0;
				TARGETED_DEVICE_FAMILY = "1,2";
				TEST_TARGET_NAME = ShopMore;
			};
			name = Release;
		};
/* End XCBuildConfiguration section */

/* Begin XCConfigurationList section */
		C2A14A11259DC79E00655DBC /* Build configuration list for PBXProject "ShopMore" */ = {
			isa = XCConfigurationList;
			buildConfigurations = (
				C2A14A3E259DC7A600655DBC /* Debug */,
				C2A14A3F259DC7A600655DBC /* Release */,
			);
			defaultConfigurationIsVisible = 0;
			defaultConfigurationName = Release;
		};
		C2A14A40259DC7A600655DBC /* Build configuration list for PBXNativeTarget "ShopMore" */ = {
			isa = XCConfigurationList;
			buildConfigurations = (
				C2A14A41259DC7A600655DBC /* Debug */,
				C2A14A42259DC7A600655DBC /* Release */,
			);
			defaultConfigurationIsVisible = 0;
			defaultConfigurationName = Release;
		};
		C2A14A43259DC7A600655DBC /* Build configuration list for PBXNativeTarget "ShopMoreTests" */ = {
			isa = XCConfigurationList;
			buildConfigurations = (
				C2A14A44259DC7A600655DBC /* Debug */,
				C2A14A45259DC7A600655DBC /* Release */,
			);
			defaultConfigurationIsVisible = 0;
			defaultConfigurationName = Release;
		};
		C2A14A46259DC7A600655DBC /* Build configuration list for PBXNativeTarget "ShopMoreUITests" */ = {
			isa = XCConfigurationList;
			buildConfigurations = (
				C2A14A47259DC7A600655DBC /* Debug */,
				C2A14A48259DC7A600655DBC /* Release */,
			);
			defaultConfigurationIsVisible = 0;
			defaultConfigurationName = Release;
		};
/* End XCConfigurationList section */

/* Begin XCVersionGroup section */
		C2A14A24259DC7A500655DBC /* ShopMore.xcdatamodeld */ = {
			isa = XCVersionGroup;
			children = (
				C2A14A25259DC7A500655DBC /* ShopMore.xcdatamodel */,
			);
			currentVersion = C2A14A25259DC7A500655DBC /* ShopMore.xcdatamodel */;
			path = ShopMore.xcdatamodeld;
			sourceTree = "<group>";
			versionGroupType = wrapper.xcdatamodel;
		};
/* End XCVersionGroup section */
	};
	rootObject = C2A14A0E259DC79E00655DBC /* Project object */;
}
